
Microsoft Visual Studio Solution File, Format Version 12.00
# Visual Studio Version 17
VisualStudioVersion = 17.7.34009.444
MinimumVisualStudioVersion = 10.0.40219.1
Project("{FAE04EC0-301F-11D3-BF4B-00C04F79EFBC}") = "Proyecto_Final", "Proyecto_Final.csproj", "{9668C8EF-7536-4553-9BEA-68BB651EB0D8}"
EndProject
Global
	GlobalSection(SolutionConfigurationPlatforms) = preSolution
		Debug|Any CPU = Debug|Any CPU
		Release|Any CPU = Release|Any CPU
	EndGlobalSection
	GlobalSection(ProjectConfigurationPlatforms) = postSolution
		{9668C8EF-7536-4553-9BEA-68BB651EB0D8}.Debug|Any CPU.ActiveCfg = Debug|Any CPU
		{9668C8EF-7536-4553-9BEA-68BB651EB0D8}.Debug|Any CPU.Build.0 = Debug|Any CPU
		{9668C8EF-7536-4553-9BEA-68BB651EB0D8}.Release|Any CPU.ActiveCfg = Release|Any CPU
		{9668C8EF-7536-4553-9BEA-68BB651EB0D8}.Release|Any CPU.Build.0 = Release|Any CPU
	EndGlobalSection
	GlobalSection(SolutionProperties) = preSolution
		HideSolutionNode = FALSE
	EndGlobalSection
	GlobalSection(ExtensibilityGlobals) = postSolution
		SolutionGuid = {A5ABDF2F-4BD9-465A-8A40-126E3F249356}
	EndGlobalSection
EndGlobal
